
Microsoft Visual Studio Solution File, Format Version 12.00
# Visual Studio Version 17
VisualStudioVersion = 17.1.32328.378
MinimumVisualStudioVersion = 10.0.40219.1
Project("{FAE04EC0-301F-11D3-BF4B-00C04F79EFBC}") = "FieldExamples", "FieldExamples\FieldExamples.csproj", "{97065C0F-2404-4504-9FC4-5386CD73B9C7}"
EndProject
Project("{FAE04EC0-301F-11D3-BF4B-00C04F79EFBC}") = "ClassLibrary1", "ClassLibrary1\ClassLibrary1.csproj", "{CD8EF019-C5DC-4391-9DF3-4CB1504A34EB}"
EndProject
Global
	GlobalSection(SolutionConfigurationPlatforms) = preSolution
		Debug|Any CPU = Debug|Any CPU
		Release|Any CPU = Release|Any CPU
	EndGlobalSection
	GlobalSection(ProjectConfigurationPlatforms) = postSolution
		{97065C0F-2404-4504-9FC4-5386CD73B9C7}.Debug|Any CPU.ActiveCfg = Debug|Any CPU
		{97065C0F-2404-4504-9FC4-5386CD73B9C7}.Debug|Any CPU.Build.0 = Debug|Any CPU
		{97065C0F-2404-4504-9FC4-5386CD73B9C7}.Release|Any CPU.ActiveCfg = Release|Any CPU
		{97065C0F-2404-4504-9FC4-5386CD73B9C7}.Release|Any CPU.Build.0 = Release|Any CPU
		{CD8EF019-C5DC-4391-9DF3-4CB1504A34EB}.Debug|Any CPU.ActiveCfg = Debug|Any CPU
		{CD8EF019-C5DC-4391-9DF3-4CB1504A34EB}.Debug|Any CPU.Build.0 = Debug|Any CPU
		{CD8EF019-C5DC-4391-9DF3-4CB1504A34EB}.Release|Any CPU.ActiveCfg = Release|Any CPU
		{CD8EF019-C5DC-4391-9DF3-4CB1504A34EB}.Release|Any CPU.Build.0 = Release|Any CPU
	EndGlobalSection
	GlobalSection(SolutionProperties) = preSolution
		HideSolutionNode = FALSE
	EndGlobalSection
	GlobalSection(ExtensibilityGlobals) = postSolution
		SolutionGuid = {C4B017EE-C5EF-4B90-8C58-44481B3FE4DF}
	EndGlobalSection
EndGlobal
